// !$*UTF8*$!
{
	archiveVersion = 1;
	classes = {
	};
	objectVersion = 46;
	objects = {

/* Begin PBXBuildFile section */
		B3B2A03F1C491239009D4051 /* 23tree.cpp in Sources */ = {isa = PBXBuildFile; fileRef = B3B2A0311C491239009D4051 /* 23tree.cpp */; };
		B3B2A0401C491239009D4051 /* array-tree.cpp in Sources */ = {isa = PBXBuildFile; fileRef = B3B2A0331C491239009D4051 /* array-tree.cpp */; };
		B3B2A0431C491239009D4051 /* main.cpp in Sources */ = {isa = PBXBuildFile; fileRef = B3B2A0371C491239009D4051 /* main.cpp */; };
		B3B2A0451C491239009D4051 /* Makefile in Sources */ = {isa = PBXBuildFile; fileRef = B3B2A0391C491239009D4051 /* Makefile */; };
		B3B2A0491C491239009D4051 /* tree.cpp in Sources */ = {isa = PBXBuildFile; fileRef = B3B2A03D1C491239009D4051 /* tree.cpp */; };
/* End PBXBuildFile section */

/* Begin PBXCopyFilesBuildPhase section */
		B3B2A0251C49121C009D4051 /* CopyFiles */ = {
			isa = PBXCopyFilesBuildPhase;
			buildActionMask = 2147483647;
			dstPath = /usr/share/man/man1/;
			dstSubfolderSpec = 0;
			files = (
			);
			runOnlyForDeploymentPostprocessing = 1;
		};
/* End PBXCopyFilesBuildPhase section */

/* Begin PBXFileReference section */
		B3B2A0271C49121C009D4051 /* algorithm and data structure */ = {isa = PBXFileReference; explicitFileType = "compiled.mach-o.executable"; includeInIndex = 0; path = "algorithm and data structure"; sourceTree = BUILT_PRODUCTS_DIR; };
		B3B2A0311C491239009D4051 /* 23tree.cpp */ = {isa = PBXFileReference; fileEncoding = 4; lastKnownFileType = sourcecode.cpp.cpp; name = 23tree.cpp; path = ../../code/23tree.cpp; sourceTree = "<group>"; };
		B3B2A0321C491239009D4051 /* 23tree.h */ = {isa = PBXFileReference; fileEncoding = 4; lastKnownFileType = sourcecode.c.h; name = 23tree.h; path = ../../code/23tree.h; sourceTree = "<group>"; };
		B3B2A0331C491239009D4051 /* array-tree.cpp */ = {isa = PBXFileReference; fileEncoding = 4; lastKnownFileType = sourcecode.cpp.cpp; name = "array-tree.cpp"; path = "../../code/array-tree.cpp"; sourceTree = "<group>"; };
		B3B2A0341C491239009D4051 /* array-tree.h */ = {isa = PBXFileReference; fileEncoding = 4; lastKnownFileType = sourcecode.c.h; name = "array-tree.h"; path = "../../code/array-tree.h"; sourceTree = "<group>"; };
		B3B2A0371C491239009D4051 /* main.cpp */ = {isa = PBXFileReference; fileEncoding = 4; lastKnownFileType = sourcecode.cpp.cpp; name = main.cpp; path = ../../code/main.cpp; sourceTree = "<group>"; };
		B3B2A0391C491239009D4051 /* Makefile */ = {isa = PBXFileReference; fileEncoding = 4; lastKnownFileType = sourcecode.make; name = Makefile; path = ../../code/Makefile; sourceTree = "<group>"; };
		B3B2A03D1C491239009D4051 /* tree.cpp */ = {isa = PBXFileReference; fileEncoding = 4; lastKnownFileType = sourcecode.cpp.cpp; name = tree.cpp; path = ../../code/tree.cpp; sourceTree = "<group>"; };
		B3B2A03E1C491239009D4051 /* tree.h */ = {isa = PBXFileReference; fileEncoding = 4; lastKnownFileType = sourcecode.c.h; name = tree.h; path = ../../code/tree.h; sourceTree = "<group>"; };
/* End PBXFileReference section */

/* Begin PBXFrameworksBuildPhase section */
		B3B2A0241C49121C009D4051 /* Frameworks */ = {
			isa = PBXFrameworksBuildPhase;
			buildActionMask = 2147483647;
			files = (
			);
			runOnlyForDeploymentPostprocessing = 0;
		};
/* End PBXFrameworksBuildPhase section */

/* Begin PBXGroup section */
		B3B2A01E1C49121C009D4051 = {
			isa = PBXGroup;
			children = (
				B3B2A0291C49121C009D4051 /* algorithm and data structure */,
				B3B2A0281C49121C009D4051 /* Products */,
			);
			sourceTree = "<group>";
		};
		B3B2A0281C49121C009D4051 /* Products */ = {
			isa = PBXGroup;
			children = (
				B3B2A0271C49121C009D4051 /* algorithm and data structure */,
			);
			name = Products;
			sourceTree = "<group>";
		};
		B3B2A0291C49121C009D4051 /* algorithm and data structure */ = {
			isa = PBXGroup;
			children = (
				B3B2A0311C491239009D4051 /* 23tree.cpp */,
				B3B2A0321C491239009D4051 /* 23tree.h */,
				B3B2A0331C491239009D4051 /* array-tree.cpp */,
				B3B2A0341C491239009D4051 /* array-tree.h */,
				B3B2A0371C491239009D4051 /* main.cpp */,
				B3B2A0391C491239009D4051 /* Makefile */,
				B3B2A03D1C491239009D4051 /* tree.cpp */,
				B3B2A03E1C491239009D4051 /* tree.h */,
			);
			path = "algorithm and data structure";
			sourceTree = "<group>";
		};
/* End PBXGroup section */

/* Begin PBXNativeTarget section */
		B3B2A0261C49121C009D4051 /* algorithm and data structure */ = {
			isa = PBXNativeTarget;
			buildConfigurationList = B3B2A02E1C49121C009D4051 /* Build configuration list for PBXNativeTarget "algorithm and data structure" */;
			buildPhases = (
				B3B2A0231C49121C009D4051 /* Sources */,
				B3B2A0241C49121C009D4051 /* Frameworks */,
				B3B2A0251C49121C009D4051 /* CopyFiles */,
			);
			buildRules = (
			);
			dependencies = (
			);
			name = "algorithm and data structure";
			productName = "algorithm and data structure";
			productReference = B3B2A0271C49121C009D4051 /* algorithm and data structure */;
			productType = "com.apple.product-type.tool";
		};
/* End PBXNativeTarget section */

/* Begin PBXProject section */
		B3B2A01F1C49121C009D4051 /* Project object */ = {
			isa = PBXProject;
			attributes = {
				LastUpgradeCheck = 0710;
				ORGANIZATIONNAME = "Nissassin Seventeen";
				TargetAttributes = {
					B3B2A0261C49121C009D4051 = {
						CreatedOnToolsVersion = 7.1;
					};
				};
			};
			buildConfigurationList = B3B2A0221C49121C009D4051 /* Build configuration list for PBXProject "algorithm and data structure" */;
			compatibilityVersion = "Xcode 3.2";
			developmentRegion = English;
			hasScannedForEncodings = 0;
			knownRegions = (
				en,
			);
			mainGroup = B3B2A01E1C49121C009D4051;
			productRefGroup = B3B2A0281C49121C009D4051 /* Products */;
			projectDirPath = "";
			projectRoot = "";
			targets = (
				B3B2A0261C49121C009D4051 /* algorithm and data structure */,
			);
		};
/* End PBXProject section */

/* Begin PBXSourcesBuildPhase section */
		B3B2A0231C49121C009D4051 /* Sources */ = {
			isa = PBXSourcesBuildPhase;
			buildActionMask = 2147483647;
			files = (
				B3B2A0451C491239009D4051 /* Makefile in Sources */,
				B3B2A0491C491239009D4051 /* tree.cpp in Sources */,
				B3B2A03F1C491239009D4051 /* 23tree.cpp in Sources */,
				B3B2A0401C491239009D4051 /* array-tree.cpp in Sources */,
				B3B2A0431C491239009D4051 /* main.cpp in Sources */,
			);
			runOnlyForDeploymentPostprocessing = 0;
		};
/* End PBXSourcesBuildPhase section */

/* Begin XCBuildConfiguration section */
		B3B2A02C1C49121C009D4051 /* Debug */ = {
			isa = XCBuildConfiguration;
			buildSettings = {
				ALWAYS_SEARCH_USER_PATHS = NO;
				CLANG_CXX_LANGUAGE_STANDARD = "gnu++0x";
				CLANG_CXX_LIBRARY = "libc++";
				CLANG_ENABLE_MODULES = YES;
				CLANG_ENABLE_OBJC_ARC = YES;
				CLANG_WARN_BOOL_CONVERSION = YES;
				CLANG_WARN_CONSTANT_CONVERSION = YES;
				CLANG_WARN_DIRECT_OBJC_ISA_USAGE = YES_ERROR;
				CLANG_WARN_EMPTY_BODY = YES;
				CLANG_WARN_ENUM_CONVERSION = YES;
				CLANG_WARN_INT_CONVERSION = YES;
				CLANG_WARN_OBJC_ROOT_CLASS = YES_ERROR;
				CLANG_WARN_UNREACHABLE_CODE = YES;
				CLANG_WARN__DUPLICATE_METHOD_MATCH = YES;
				CODE_SIGN_IDENTITY = "-";
				COPY_PHASE_STRIP = NO;
				DEBUG_INFORMATION_FORMAT = dwarf;
				ENABLE_STRICT_OBJC_MSGSEND = YES;
				ENABLE_TESTABILITY = YES;
				GCC_C_LANGUAGE_STANDARD = gnu99;
				GCC_DYNAMIC_NO_PIC = NO;
				GCC_NO_COMMON_BLOCKS = YES;
				GCC_OPTIMIZATION_LEVEL = 0;
				GCC_PREPROCESSOR_DEFINITIONS = (
					"DEBUG=1",
					"$(inherited)",
				);
				GCC_WARN_64_TO_32_BIT_CONVERSION = YES;
				GCC_WARN_ABOUT_RETURN_TYPE = YES_ERROR;
				GCC_WARN_UNDECLARED_SELECTOR = YES;
				GCC_WARN_UNINITIALIZED_AUTOS = YES_AGGRESSIVE;
				GCC_WARN_UNUSED_FUNCTION = YES;
				GCC_WARN_UNUSED_VARIABLE = YES;
				MACOSX_DEPLOYMENT_TARGET = 10.10;
				MTL_ENABLE_DEBUG_INFO = YES;
				ONLY_ACTIVE_ARCH = YES;
				SDKROOT = macosx;
			};
			name = Debug;
		};
		B3B2A02D1C49121C009D4051 /* Release */ = {
			isa = XCBuildConfiguration;
			buildSettings = {
				ALWAYS_SEARCH_USER_PATHS = NO;
				CLANG_CXX_LANGUAGE_STANDARD = "gnu++0x";
				CLANG_CXX_LIBRARY = "libc++";
				CLANG_ENABLE_MODULES = YES;
				CLANG_ENABLE_OBJC_ARC = YES;
				CLANG_WARN_BOOL_CONVERSION = YES;
				CLANG_WARN_CONSTANT_CONVERSION = YES;
				CLANG_WARN_DIRECT_OBJC_ISA_USAGE = YES_ERROR;
				CLANG_WARN_EMPTY_BODY = YES;
				CLANG_WARN_ENUM_CONVERSION = YES;
				CLANG_WARN_INT_CONVERSION = YES;
				CLANG_WARN_OBJC_ROOT_CLASS = YES_ERROR;
				CLANG_WARN_UNREACHABLE_CODE = YES;
				CLANG_WARN__DUPLICATE_METHOD_MATCH = YES;
				CODE_SIGN_IDENTITY = "-";
				COPY_PHASE_STRIP = NO;
				DEBUG_INFORMATION_FORMAT = "dwarf-with-dsym";
				ENABLE_NS_ASSERTIONS = NO;
				ENABLE_STRICT_OBJC_MSGSEND = YES;
				GCC_C_LANGUAGE_STANDARD = gnu99;
				GCC_NO_COMMON_BLOCKS = YES;
				GCC_WARN_64_TO_32_BIT_CONVERSION = YES;
				GCC_WARN_ABOUT_RETURN_TYPE = YES_ERROR;
				GCC_WARN_UNDECLARED_SELECTOR = YES;
				GCC_WARN_UNINITIALIZED_AUTOS = YES_AGGRESSIVE;
				GCC_WARN_UNUSED_FUNCTION = YES;
				GCC_WARN_UNUSED_VARIABLE = YES;
				MACOSX_DEPLOYMENT_TARGET = 10.10;
				MTL_ENABLE_DEBUG_INFO = NO;
				SDKROOT = macosx;
			};
			name = Release;
		};
		B3B2A02F1C49121C009D4051 /* Debug */ = {
			isa = XCBuildConfiguration;
			buildSettings = {
				PRODUCT_NAME = "$(TARGET_NAME)";
			};
			name = Debug;
		};
		B3B2A0301C49121C009D4051 /* Release */ = {
			isa = XCBuildConfiguration;
			buildSettings = {
				PRODUCT_NAME = "$(TARGET_NAME)";
			};
			name = Release;
		};
/* End XCBuildConfiguration section */

/* Begin XCConfigurationList section */
		B3B2A0221C49121C009D4051 /* Build configuration list for PBXProject "algorithm and data structure" */ = {
			isa = XCConfigurationList;
			buildConfigurations = (
				B3B2A02C1C49121C009D4051 /* Debug */,
				B3B2A02D1C49121C009D4051 /* Release */,
			);
			defaultConfigurationIsVisible = 0;
			defaultConfigurationName = Release;
		};
		B3B2A02E1C49121C009D4051 /* Build configuration list for PBXNativeTarget "algorithm and data structure" */ = {
			isa = XCConfigurationList;
			buildConfigurations = (
				B3B2A02F1C49121C009D4051 /* Debug */,
				B3B2A0301C49121C009D4051 /* Release */,
			);
			defaultConfigurationIsVisible = 0;
		};
/* End XCConfigurationList section */
	};
	rootObject = B3B2A01F1C49121C009D4051 /* Project object */;
}
